
Microsoft Visual Studio Solution File, Format Version 12.00
# Visual Studio 15
VisualStudioVersion = 15.0.28307.1684
MinimumVisualStudioVersion = 10.0.40219.1
Project("{FAE04EC0-301F-11D3-BF4B-00C04F79EFBC}") = "Simple_Fight", "Simple_Fight\Simple_Fight.csproj", "{77F75B00-CCA2-401F-BF96-698547703DBE}"
EndProject
Global
	GlobalSection(SolutionConfigurationPlatforms) = preSolution
		Debug|Any CPU = Debug|Any CPU
		Release|Any CPU = Release|Any CPU
	EndGlobalSection
	GlobalSection(ProjectConfigurationPlatforms) = postSolution
		{77F75B00-CCA2-401F-BF96-698547703DBE}.Debug|Any CPU.ActiveCfg = Debug|Any CPU
		{77F75B00-CCA2-401F-BF96-698547703DBE}.Debug|Any CPU.Build.0 = Debug|Any CPU
		{77F75B00-CCA2-401F-BF96-698547703DBE}.Release|Any CPU.ActiveCfg = Release|Any CPU
		{77F75B00-CCA2-401F-BF96-698547703DBE}.Release|Any CPU.Build.0 = Release|Any CPU
	EndGlobalSection
	GlobalSection(SolutionProperties) = preSolution
		HideSolutionNode = FALSE
	EndGlobalSection
	GlobalSection(ExtensibilityGlobals) = postSolution
		SolutionGuid = {7C14933D-D8FF-4D7D-A490-6996C9A5B6F7}
	EndGlobalSection
EndGlobal
